{
  "requires": true,
  "lockfileVersion": 1,
  "dependencies": {
    "@react-spring/animated": {
      "version": "9.2.1",
      "resolved": "https://registry.npmjs.org/@react-spring/animated/-/animated-9.2.1.tgz",
      "integrity": "sha512-UAa74fsxWWQ6+3U1xdPBHVOBvvRYpSFs8Eo/I0msq7GxO4r7/muU/9loihKj5SfT3OW7hG9rnLEKQFImD7XUNw==",
      "requires": {
        "@react-spring/shared": "~9.2.0",
        "@react-spring/types": "~9.2.0"
      }
    },
    "@react-spring/core": {
      "version": "9.2.1",
      "resolved": "https://registry.npmjs.org/@react-spring/core/-/core-9.2.1.tgz",
      "integrity": "sha512-c4cu77//wZGO3URAob3+NynINDFos57wgVYcQHQYGOCLYwPzg6NVFf8ERfqzuFMeMgrvCkns7HZOxshPC/wzag==",
      "requires": {
        "@react-spring/animated": "~9.2.0",
        "@react-spring/shared": "~9.2.0",
        "@react-spring/types": "~9.2.0"
      }
    },
    "@react-spring/konva": {
      "version": "9.2.1",
      "resolved": "https://registry.npmjs.org/@react-spring/konva/-/konva-9.2.1.tgz",
      "integrity": "sha512-GnvEXElYerpD7313hwqIEbsHXz18HgHAUGWe4XV6Sf+KHhCQvw/z97PJLD5KD6XU5MawaQTYkwvqvJ6eTLV0Nw==",
      "requires": {
        "@react-spring/animated": "~9.2.0",
        "@react-spring/core": "~9.2.0",
        "@react-spring/shared": "~9.2.0",
        "@react-spring/types": "~9.2.0"
      }
    },
    "@react-spring/native": {
      "version": "9.2.1",
      "resolved": "https://registry.npmjs.org/@react-spring/native/-/native-9.2.1.tgz",
      "integrity": "sha512-sWum3JgFpmnpdVZKThpihl1X15oQF/zBiVTQ+csOJDBnB9jhW42WYu9r6ib9M2yxAelS17u7FnDCIfLZf7V1bg==",
      "requires": {
        "@react-spring/animated": "~9.2.0",
        "@react-spring/core": "~9.2.0",
        "@react-spring/shared": "~9.2.0",
        "@react-spring/types": "~9.2.0"
      }
    },
    "@react-spring/shared": {
      "version": "9.2.1",
      "resolved": "https://registry.npmjs.org/@react-spring/shared/-/shared-9.2.1.tgz",
      "integrity": "sha512-N1EWfOl/viy6ylj+r/YH/CmVNA4z9W1dB/3MgUrLXYVgOBc2uML4ljWOSlr2YqbyWuc9Eae6J6nuxQ+iarWQsQ==",
      "requires": {
        "@react-spring/types": "~9.2.0",
        "rafz": "^0.1.13"
      }
    },
    "@react-spring/three": {
      "version": "9.2.1",
      "resolved": "https://registry.npmjs.org/@react-spring/three/-/three-9.2.1.tgz",
      "integrity": "sha512-0gRz2y8G5szbtywvTDbaT3B+1Xseq5Yu2X02Ey8k18IksAncMZ/KFcRJIYFQn+7OlLVaoxPzXibSUNT4notWMg==",
      "requires": {
        "@react-spring/animated": "~9.2.0",
        "@react-spring/core": "~9.2.0",
        "@react-spring/shared": "~9.2.0",
        "@react-spring/types": "~9.2.0"
      }
    },
    "@react-spring/types": {
      "version": "9.2.1",
      "resolved": "https://registry.npmjs.org/@react-spring/types/-/types-9.2.1.tgz",
      "integrity": "sha512-UMXLNW1l/iJCRRAsTpeqgQYjims9j8QSSMbkgi1mFZytDuaQ6r6f9ngfLgx9uDW2VSdvoNdEqGM9abVDGc4E1g=="
    },
    "@react-spring/web": {
      "version": "9.2.1",
      "resolved": "https://registry.npmjs.org/@react-spring/web/-/web-9.2.1.tgz",
      "integrity": "sha512-7YimWKLuHhUZhuDchfn4Yo631KqULWCgrDLOZBu0o4AZwVMFvguVY1g0Tpm5K+68Z7kJaS0n5pf8wlwtGIOs+w==",
      "requires": {
        "@react-spring/animated": "~9.2.0",
        "@react-spring/core": "~9.2.0",
        "@react-spring/shared": "~9.2.0",
        "@react-spring/types": "~9.2.0"
      }
    },
    "@react-spring/zdog": {
      "version": "9.2.1",
      "resolved": "https://registry.npmjs.org/@react-spring/zdog/-/zdog-9.2.1.tgz",
      "integrity": "sha512-OjXoSo3/Lp8OKK0V3spyB8FWw0ttfwEdMlJyS1Ed8edLwbVv+60G6EqQT4S7M433R8W1M6Ck5f9fw0EedWsmhQ==",
      "requires": {
        "@react-spring/animated": "~9.2.0",
        "@react-spring/core": "~9.2.0",
        "@react-spring/shared": "~9.2.0",
        "@react-spring/types": "~9.2.0"
      }
    },
    "rafz": {
      "version": "0.1.14",
      "resolved": "https://registry.npmjs.org/rafz/-/rafz-0.1.14.tgz",
      "integrity": "sha512-YiQkedSt1urYtYbvHhTQR3l67M8SZbUvga5eJFM/v4vx/GmDdtXlE2hjJIyRjhhO/PjcdGC+CXCYOUA4onit8w=="
    },
    "react-spring": {
      "version": "9.2.1",
      "resolved": "https://registry.npmjs.org/react-spring/-/react-spring-9.2.1.tgz",
      "integrity": "sha512-HLkEbuRvRtvAwkeqqwZXIEaKPPc17ViI5DYPtYTpgu2H9jmndm/kp1BfxRwpu5+m4ecGzUUX7RRNWEfwWY6oWA==",
      "requires": {
        "@react-spring/core": "~9.2.0",
        "@react-spring/konva": "~9.2.0",
        "@react-spring/native": "~9.2.0",
        "@react-spring/three": "~9.2.0",
        "@react-spring/web": "~9.2.0",
        "@react-spring/zdog": "~9.2.0"
      }
    }
  }
}
